<?xml version="1.0" encoding="utf-8"?>
<Project ToolsVersion="4.0" xmlns="http://schemas.microsoft.com/developer/msbuild/2003">
  <ItemGroup>
    <Filter Include="Source Files">
      <UniqueIdentifier>{4FC737F1-C7A5-4376-A066-2A32D752A2FF}</UniqueIdentifier>
      <Extensions>cpp;c;cc;cxx;def;odl;idl;hpj;bat;asm;asmx</Extensions>
    </Filter>
    <Filter Include="Header Files">
      <UniqueIdentifier>{93995380-89BD-4b04-88EB-625FBE52EBFB}</UniqueIdentifier>
      <Extensions>h;hpp;hxx;hm;inl;inc;xsd</Extensions>
    </Filter>
    <Filter Include="Resource Files">
      <UniqueIdentifier>{67DA6AB6-F800-4c08-8B7A-83BB121AAD01}</UniqueIdentifier>
      <Extensions>rc;ico;cur;bmp;dlg;rc2;rct;bin;rgs;gif;jpg;jpeg;jpe;resx;tiff;tif;png;wav</Extensions>
    </Filter>
    <Filter Include="Header Files\Things">
      <UniqueIdentifier>{2cd074d0-249b-4ae9-b3d4-0738a8272214}</UniqueIdentifier>
    </Filter>
    <Filter Include="Header Files\UI">
      <UniqueIdentifier>{907ed906-ade8-4d61-9ade-87791101a6ae}</UniqueIdentifier>
    </Filter>
    <Filter Include="Header Files\Util">
      <UniqueIdentifier>{4c5ef337-0871-446c-a7ab-b6566e378950}</UniqueIdentifier>
    </Filter>
    <Filter Include="Header Files\Things\Baddies">
      <UniqueIdentifier>{481bfae1-bff6-40c9-bacb-0e28dcb044c5}</UniqueIdentifier>
    </Filter>
    <Filter Include="Source Files\Util">
      <UniqueIdentifier>{aa74e491-f279-4946-8e45-3b117932aad4}</UniqueIdentifier>
    </Filter>
    <Filter Include="Source Files\UI">
      <UniqueIdentifier>{270aac89-6d18-46ec-8856-76a5b8654e1a}</UniqueIdentifier>
    </Filter>
    <Filter Include="Source Files\Things">
      <UniqueIdentifier>{5ada0e57-e196-470d-b4f1-660a99c43e04}</UniqueIdentifier>
    </Filter>
    <Filter Include="Source Files\Things\Baddies">
      <UniqueIdentifier>{db0230c8-a35c-4ac1-a247-a28bdb2cfe1a}</UniqueIdentifier>
    </Filter>
    <Filter Include="Header Files\Things\Solid Things">
      <UniqueIdentifier>{a58b94d6-56b0-438d-902b-ac9170ef06e7}</UniqueIdentifier>
    </Filter>
    <Filter Include="Header Files\Things\Non Solid Things">
      <UniqueIdentifier>{d9b07b5b-b755-40a8-86b6-a53153022b36}</UniqueIdentifier>
    </Filter>
    <Filter Include="Header Files\Things\Collectables">
      <UniqueIdentifier>{c1c8b865-4272-4bc4-9b2c-9321fe615e78}</UniqueIdentifier>
    </Filter>
    <Filter Include="Header Files\Things\Special Things">
      <UniqueIdentifier>{61303758-d4fc-443b-955d-3920e1e6be85}</UniqueIdentifier>
    </Filter>
    <Filter Include="Source Files\Things\Collectables">
      <UniqueIdentifier>{08824337-7753-4606-b5f3-5f175de55324}</UniqueIdentifier>
    </Filter>
    <Filter Include="Source Files\Things\Solid Things">
      <UniqueIdentifier>{5c78a7fa-0ab3-4eb6-b592-0928d9535dc9}</UniqueIdentifier>
    </Filter>
    <Filter Include="Source Files\Things\Non Solid Things">
      <UniqueIdentifier>{8ddc3c8f-f646-4ede-80fe-ea27984a8ed0}</UniqueIdentifier>
    </Filter>
    <Filter Include="Source Files\Things\Special Things">
      <UniqueIdentifier>{8b6ad669-fb98-4449-a5ff-4bfb52a61432}</UniqueIdentifier>
    </Filter>
  </ItemGroup>
  <ItemGroup>
    <ClCompile Include="jetpack_main.cpp">
      <Filter>Source Files</Filter>
    </ClCompile>
    <ClCompile Include="Rectangle.cpp">
      <Filter>Source Files\Util</Filter>
    </ClCompile>
    <ClCompile Include="Enums.cpp">
      <Filter>Source Files\Util</Filter>
    </ClCompile>
    <ClCompile Include="Sprites.cpp">
      <Filter>Source Files\Util</Filter>
    </ClCompile>
    <ClCompile Include="jetpackUI.cpp">
      <Filter>Source Files\UI</Filter>
    </ClCompile>
    <ClCompile Include="Pinwheel.cpp">
      <Filter>Source Files\Things\Baddies</Filter>
    </ClCompile>
    <ClCompile Include="Bat.cpp">
      <Filter>Source Files\Things\Baddies</Filter>
    </ClCompile>
    <ClCompile Include="Robot.cpp">
      <Filter>Source Files\Things\Baddies</Filter>
    </ClCompile>
    <ClCompile Include="Predator.cpp">
      <Filter>Source Files\Things\Baddies</Filter>
    </ClCompile>
    <ClCompile Include="Spring.cpp">
      <Filter>Source Files\Things\Baddies</Filter>
    </ClCompile>
    <ClCompile Include="Egg.cpp">
      <Filter>Source Files\Things\Baddies</Filter>
    </ClCompile>
    <ClCompile Include="Editor.cpp">
      <Filter>Source Files\UI</Filter>
    </ClCompile>
    <ClCompile Include="fileio.cpp">
      <Filter>Source Files\Util</Filter>
    </ClCompile>
    <ClCompile Include="Door.cpp">
      <Filter>Source Files\Things\Special Things</Filter>
    </ClCompile>
    <ClCompile Include="Hero.cpp">
      <Filter>Source Files\Things\Special Things</Filter>
    </ClCompile>
    <ClCompile Include="Ladder.cpp">
      <Filter>Source Files\Things\Special Things</Filter>
    </ClCompile>
    <ClCompile Include="NonSolidThing.cpp">
      <Filter>Source Files\Things\Non Solid Things</Filter>
    </ClCompile>
    <ClCompile Include="Gold.cpp">
      <Filter>Source Files\Things\Collectables</Filter>
    </ClCompile>
    <ClCompile Include="Item.cpp">
      <Filter>Source Files\Things\Collectables</Filter>
    </ClCompile>
    <ClCompile Include="Box.cpp">
      <Filter>Source Files\Things\Solid Things</Filter>
    </ClCompile>
    <ClCompile Include="FastSolid.cpp">
      <Filter>Source Files\Things\Solid Things</Filter>
    </ClCompile>
    <ClCompile Include="WoodSolid.cpp">
      <Filter>Source Files\Things\Solid Things</Filter>
    </ClCompile>
    <ClCompile Include="BrickSolid.cpp">
      <Filter>Source Files\Things\Solid Things</Filter>
    </ClCompile>
    <ClCompile Include="SwitchSolid.cpp">
      <Filter>Source Files\Things\Solid Things</Filter>
    </ClCompile>
    <ClCompile Include="Missile.cpp">
      <Filter>Source Files\Things\Baddies</Filter>
    </ClCompile>
    <ClCompile Include="Deathsicle.cpp">
      <Filter>Source Files\Things\Baddies</Filter>
    </ClCompile>
    <ClCompile Include="Switch.cpp">
      <Filter>Source Files\Things\Special Things</Filter>
    </ClCompile>
    <ClCompile Include="Teleporter.cpp">
      <Filter>Source Files\Things\Solid Things</Filter>
    </ClCompile>
    <ClCompile Include="Mine.cpp">
      <Filter>Source Files\Things\Baddies</Filter>
    </ClCompile>
    <ClCompile Include="Gem.cpp">
      <Filter>Source Files\Things\Collectables</Filter>
    </ClCompile>
    <ClCompile Include="StoneSolid.cpp">
      <Filter>Source Files\Things\Solid Things</Filter>
    </ClCompile>
    <ClCompile Include="Game.cpp">
      <Filter>Source Files\UI</Filter>
    </ClCompile>
    <ClCompile Include="Maestro.cpp">
      <Filter>Source Files\UI</Filter>
    </ClCompile>
    <ClCompile Include="FuelGage.cpp">
      <Filter>Source Files\UI</Filter>
    </ClCompile>
    <ClCompile Include="OpenGl2DWindow.cpp">
      <Filter>Source Files\UI</Filter>
    </ClCompile>
    <ClCompile Include="loadMenu.cpp">
      <Filter>Source Files\UI</Filter>
    </ClCompile>
    <ClCompile Include="SaveMenu.cpp">
      <Filter>Source Files\UI</Filter>
    </ClCompile>
  </ItemGroup>
  <ItemGroup>
    <ClInclude Include="jetpack_main.h">
      <Filter>Header Files</Filter>
    </ClInclude>
    <ClInclude Include="resource.h">
      <Filter>Header Files</Filter>
    </ClInclude>
    <ClInclude Include="AbstractThing.h">
      <Filter>Header Files\Things</Filter>
    </ClInclude>
    <ClInclude Include="MovingThing.h">
      <Filter>Header Files\Things</Filter>
    </ClInclude>
    <ClInclude Include="StationaryThing.h">
      <Filter>Header Files\Things</Filter>
    </ClInclude>
    <ClInclude Include="jetpackUI.h">
      <Filter>Header Files\UI</Filter>
    </ClInclude>
    <ClInclude Include="Sprites.h">
      <Filter>Header Files\Util</Filter>
    </ClInclude>
    <ClInclude Include="Rectangle.h">
      <Filter>Header Files\Util</Filter>
    </ClInclude>
    <ClInclude Include="Enums.h">
      <Filter>Header Files\Util</Filter>
    </ClInclude>
    <ClInclude Include="Pinwheel.h">
      <Filter>Header Files\Things\Baddies</Filter>
    </ClInclude>
    <ClInclude Include="Robot.h">
      <Filter>Header Files\Things\Baddies</Filter>
    </ClInclude>
    <ClInclude Include="Spring.h">
      <Filter>Header Files\Things\Baddies</Filter>
    </ClInclude>
    <ClInclude Include="Egg.h">
      <Filter>Header Files\Things\Baddies</Filter>
    </ClInclude>
    <ClInclude Include="Bat.h">
      <Filter>Header Files\Things\Baddies</Filter>
    </ClInclude>
    <ClInclude Include="Predator.h">
      <Filter>Header Files\Things\Baddies</Filter>
    </ClInclude>
    <ClInclude Include="Editor.h">
      <Filter>Header Files\UI</Filter>
    </ClInclude>
    <ClInclude Include="fileio.h">
      <Filter>Header Files\Util</Filter>
    </ClInclude>
    <ClInclude Include="Door.h">
      <Filter>Header Files\Things\Special Things</Filter>
    </ClInclude>
    <ClInclude Include="Hero.h">
      <Filter>Header Files\Things\Special Things</Filter>
    </ClInclude>
    <ClInclude Include="Ladder.h">
      <Filter>Header Files\Things\Special Things</Filter>
    </ClInclude>
    <ClInclude Include="NonSolidThing.h">
      <Filter>Header Files\Things\Non Solid Things</Filter>
    </ClInclude>
    <ClInclude Include="SolidThing.h">
      <Filter>Header Files\Things\Solid Things</Filter>
    </ClInclude>
    <ClInclude Include="Gold.h">
      <Filter>Header Files\Things\Collectables</Filter>
    </ClInclude>
    <ClInclude Include="Item.h">
      <Filter>Header Files\Things\Collectables</Filter>
    </ClInclude>
    <ClInclude Include="Box.h">
      <Filter>Header Files\Things\Solid Things</Filter>
    </ClInclude>
    <ClInclude Include="FastSolid.h">
      <Filter>Header Files\Things\Solid Things</Filter>
    </ClInclude>
    <ClInclude Include="WoodSolid.h">
      <Filter>Header Files\Things\Solid Things</Filter>
    </ClInclude>
    <ClInclude Include="BrickSolid.h">
      <Filter>Header Files\Things\Solid Things</Filter>
    </ClInclude>
    <ClInclude Include="SwitchSolid.h">
      <Filter>Header Files\Things\Solid Things</Filter>
    </ClInclude>
    <ClInclude Include="Missile.h">
      <Filter>Header Files\Things\Baddies</Filter>
    </ClInclude>
    <ClInclude Include="Mine.h">
      <Filter>Header Files\Things\Baddies</Filter>
    </ClInclude>
    <ClInclude Include="Deathsicle.h">
      <Filter>Header Files\Things\Baddies</Filter>
    </ClInclude>
    <ClInclude Include="Switch.h">
      <Filter>Header Files\Things\Special Things</Filter>
    </ClInclude>
    <ClInclude Include="Teleporter.h">
      <Filter>Header Files\Things\Solid Things</Filter>
    </ClInclude>
    <ClInclude Include="Gem.h">
      <Filter>Header Files\Things\Collectables</Filter>
    </ClInclude>
    <ClInclude Include="Collectable.h">
      <Filter>Header Files\Things\Collectables</Filter>
    </ClInclude>
    <ClInclude Include="StoneSolid.h">
      <Filter>Header Files\Things\Solid Things</Filter>
    </ClInclude>
    <ClInclude Include="Game.h">
      <Filter>Header Files\UI</Filter>
    </ClInclude>
    <ClInclude Include="Maestro.h">
      <Filter>Header Files\UI</Filter>
    </ClInclude>
    <ClInclude Include="FuelGage.h">
      <Filter>Header Files\UI</Filter>
    </ClInclude>
    <ClInclude Include="OpenGl2DWindow.h">
      <Filter>Header Files\UI</Filter>
    </ClInclude>
    <ClInclude Include="loadMenu.h">
      <Filter>Header Files\UI</Filter>
    </ClInclude>
    <ClInclude Include="Level.h">
      <Filter>Header Files\Util</Filter>
    </ClInclude>
    <ClInclude Include="SaveMenu.h">
      <Filter>Header Files\UI</Filter>
    </ClInclude>
  </ItemGroup>
  <ItemGroup>
    <ResourceCompile Include="Jetpack.rc">
      <Filter>Resource Files</Filter>
    </ResourceCompile>
  </ItemGroup>
</Project>